// !$*UTF8*$!
{
	archiveVersion = 1;
	classes = {
	};
	objectVersion = 51;
	objects = {

/* Begin PBXBuildFile section */
		D050905AC79142B4E494298F /* Pods_tomorowTodo.framework in Frameworks */ = {isa = PBXBuildFile; fileRef = 843DCC018596F311CFCC5448 /* Pods_tomorowTodo.framework */; };
		E64BB87A24B3675A00E32C3A /* AppDelegate.swift in Sources */ = {isa = PBXBuildFile; fileRef = E64BB87924B3675A00E32C3A /* AppDelegate.swift */; };
		E64BB87C24B3675A00E32C3A /* SceneDelegate.swift in Sources */ = {isa = PBXBuildFile; fileRef = E64BB87B24B3675A00E32C3A /* SceneDelegate.swift */; };
		E64BB88124B3675A00E32C3A /* Main.storyboard in Resources */ = {isa = PBXBuildFile; fileRef = E64BB87F24B3675A00E32C3A /* Main.storyboard */; };
		E64BB88324B3675C00E32C3A /* Assets.xcassets in Resources */ = {isa = PBXBuildFile; fileRef = E64BB88224B3675C00E32C3A /* Assets.xcassets */; };
		E64BB88624B3675C00E32C3A /* LaunchScreen.storyboard in Resources */ = {isa = PBXBuildFile; fileRef = E64BB88424B3675C00E32C3A /* LaunchScreen.storyboard */; };
		E64BB88E24B367B800E32C3A /* todoViewController.swift in Sources */ = {isa = PBXBuildFile; fileRef = E64BB88D24B367B800E32C3A /* todoViewController.swift */; };
		E64BB89024B367D800E32C3A /* firstViewController.swift in Sources */ = {isa = PBXBuildFile; fileRef = E64BB88F24B367D800E32C3A /* firstViewController.swift */; };
		E64BB89224B367EA00E32C3A /* editViewController.swift in Sources */ = {isa = PBXBuildFile; fileRef = E64BB89124B367EA00E32C3A /* editViewController.swift */; };
		E674858A24B5B7C90078D4DA /* addViewController.swift in Sources */ = {isa = PBXBuildFile; fileRef = E674858924B5B7C90078D4DA /* addViewController.swift */; };
/* End PBXBuildFile section */

/* Begin PBXFileReference section */
		843DCC018596F311CFCC5448 /* Pods_tomorowTodo.framework */ = {isa = PBXFileReference; explicitFileType = wrapper.framework; includeInIndex = 0; path = Pods_tomorowTodo.framework; sourceTree = BUILT_PRODUCTS_DIR; };
		97E00F2BAEF1A711A5E08B8C /* Pods-tomorowTodo.debug.xcconfig */ = {isa = PBXFileReference; includeInIndex = 1; lastKnownFileType = text.xcconfig; name = "Pods-tomorowTodo.debug.xcconfig"; path = "Target Support Files/Pods-tomorowTodo/Pods-tomorowTodo.debug.xcconfig"; sourceTree = "<group>"; };
		E64BB87624B3675A00E32C3A /* tomorowTodo.app */ = {isa = PBXFileReference; explicitFileType = wrapper.application; includeInIndex = 0; path = tomorowTodo.app; sourceTree = BUILT_PRODUCTS_DIR; };
		E64BB87924B3675A00E32C3A /* AppDelegate.swift */ = {isa = PBXFileReference; lastKnownFileType = sourcecode.swift; path = AppDelegate.swift; sourceTree = "<group>"; };
		E64BB87B24B3675A00E32C3A /* SceneDelegate.swift */ = {isa = PBXFileReference; lastKnownFileType = sourcecode.swift; path = SceneDelegate.swift; sourceTree = "<group>"; };
		E64BB88024B3675A00E32C3A /* Base */ = {isa = PBXFileReference; lastKnownFileType = file.storyboard; name = Base; path = Base.lproj/Main.storyboard; sourceTree = "<group>"; };
		E64BB88224B3675C00E32C3A /* Assets.xcassets */ = {isa = PBXFileReference; lastKnownFileType = folder.assetcatalog; path = Assets.xcassets; sourceTree = "<group>"; };
		E64BB88524B3675C00E32C3A /* Base */ = {isa = PBXFileReference; lastKnownFileType = file.storyboard; name = Base; path = Base.lproj/LaunchScreen.storyboard; sourceTree = "<group>"; };
		E64BB88724B3675C00E32C3A /* Info.plist */ = {isa = PBXFileReference; lastKnownFileType = text.plist.xml; path = Info.plist; sourceTree = "<group>"; };
		E64BB88D24B367B800E32C3A /* todoViewController.swift */ = {isa = PBXFileReference; lastKnownFileType = sourcecode.swift; path = todoViewController.swift; sourceTree = "<group>"; };
		E64BB88F24B367D800E32C3A /* firstViewController.swift */ = {isa = PBXFileReference; lastKnownFileType = sourcecode.swift; path = firstViewController.swift; sourceTree = "<group>"; };
		E64BB89124B367EA00E32C3A /* editViewController.swift */ = {isa = PBXFileReference; lastKnownFileType = sourcecode.swift; path = editViewController.swift; sourceTree = "<group>"; };
		E674858924B5B7C90078D4DA /* addViewController.swift */ = {isa = PBXFileReference; lastKnownFileType = sourcecode.swift; path = addViewController.swift; sourceTree = "<group>"; };
		F3ED24113695BC36757599C2 /* Pods-tomorowTodo.release.xcconfig */ = {isa = PBXFileReference; includeInIndex = 1; lastKnownFileType = text.xcconfig; name = "Pods-tomorowTodo.release.xcconfig"; path = "Target Support Files/Pods-tomorowTodo/Pods-tomorowTodo.release.xcconfig"; sourceTree = "<group>"; };
/* End PBXFileReference section */

/* Begin PBXFrameworksBuildPhase section */
		E64BB87324B3675A00E32C3A /* Frameworks */ = {
			isa = PBXFrameworksBuildPhase;
			buildActionMask = 2147483647;
			files = (
				D050905AC79142B4E494298F /* Pods_tomorowTodo.framework in Frameworks */,
			);
			runOnlyForDeploymentPostprocessing = 0;
		};
/* End PBXFrameworksBuildPhase section */

/* Begin PBXGroup section */
		5457DBF0D7CCC6BD6DDE543A /* Pods */ = {
			isa = PBXGroup;
			children = (
				97E00F2BAEF1A711A5E08B8C /* Pods-tomorowTodo.debug.xcconfig */,
				F3ED24113695BC36757599C2 /* Pods-tomorowTodo.release.xcconfig */,
			);
			path = Pods;
			sourceTree = "<group>";
		};
		E64BB86D24B3675A00E32C3A = {
			isa = PBXGroup;
			children = (
				E64BB87824B3675A00E32C3A /* tomorowTodo */,
				E64BB87724B3675A00E32C3A /* Products */,
				5457DBF0D7CCC6BD6DDE543A /* Pods */,
				FBC934629172731B1CB97E20 /* Frameworks */,
			);
			sourceTree = "<group>";
		};
		E64BB87724B3675A00E32C3A /* Products */ = {
			isa = PBXGroup;
			children = (
				E64BB87624B3675A00E32C3A /* tomorowTodo.app */,
			);
			name = Products;
			sourceTree = "<group>";
		};
		E64BB87824B3675A00E32C3A /* tomorowTodo */ = {
			isa = PBXGroup;
			children = (
				E64BB87924B3675A00E32C3A /* AppDelegate.swift */,
				E64BB87B24B3675A00E32C3A /* SceneDelegate.swift */,
				E64BB87F24B3675A00E32C3A /* Main.storyboard */,
				E64BB88F24B367D800E32C3A /* firstViewController.swift */,
				E674858924B5B7C90078D4DA /* addViewController.swift */,
				E64BB88D24B367B800E32C3A /* todoViewController.swift */,
				E64BB89124B367EA00E32C3A /* editViewController.swift */,
				E64BB88224B3675C00E32C3A /* Assets.xcassets */,
				E64BB88424B3675C00E32C3A /* LaunchScreen.storyboard */,
				E64BB88724B3675C00E32C3A /* Info.plist */,
			);
			path = tomorowTodo;
			sourceTree = "<group>";
		};
		FBC934629172731B1CB97E20 /* Frameworks */ = {
			isa = PBXGroup;
			children = (
				843DCC018596F311CFCC5448 /* Pods_tomorowTodo.framework */,
			);
			name = Frameworks;
			sourceTree = "<group>";
		};
/* End PBXGroup section */

/* Begin PBXNativeTarget section */
		E64BB87524B3675A00E32C3A /* tomorowTodo */ = {
			isa = PBXNativeTarget;
			buildConfigurationList = E64BB88A24B3675C00E32C3A /* Build configuration list for PBXNativeTarget "tomorowTodo" */;
			buildPhases = (
				B439B039DC9AEC05369C1D7E /* [CP] Check Pods Manifest.lock */,
				E64BB87224B3675A00E32C3A /* Sources */,
				E64BB87324B3675A00E32C3A /* Frameworks */,
				E64BB87424B3675A00E32C3A /* Resources */,
				5B193EC52C460E286AB0BE35 /* [CP] Embed Pods Frameworks */,
			);
			buildRules = (
			);
			dependencies = (
			);
			name = tomorowTodo;
			productName = tomorowTodo;
			productReference = E64BB87624B3675A00E32C3A /* tomorowTodo.app */;
			productType = "com.apple.product-type.application";
		};
/* End PBXNativeTarget section */

/* Begin PBXProject section */
		E64BB86E24B3675A00E32C3A /* Project object */ = {
			isa = PBXProject;
			attributes = {
				LastSwiftUpdateCheck = 1150;
				LastUpgradeCheck = 1150;
				ORGANIZATIONNAME = is;
				TargetAttributes = {
					E64BB87524B3675A00E32C3A = {
						CreatedOnToolsVersion = 11.5;
					};
				};
			};
			buildConfigurationList = E64BB87124B3675A00E32C3A /* Build configuration list for PBXProject "tomorowTodo" */;
			compatibilityVersion = "Xcode 9.3";
			developmentRegion = en;
			hasScannedForEncodings = 0;
			knownRegions = (
				en,
				Base,
			);
			mainGroup = E64BB86D24B3675A00E32C3A;
			productRefGroup = E64BB87724B3675A00E32C3A /* Products */;
			projectDirPath = "";
			projectRoot = "";
			targets = (
				E64BB87524B3675A00E32C3A /* tomorowTodo */,
			);
		};
/* End PBXProject section */

/* Begin PBXResourcesBuildPhase section */
		E64BB87424B3675A00E32C3A /* Resources */ = {
			isa = PBXResourcesBuildPhase;
			buildActionMask = 2147483647;
			files = (
				E64BB88624B3675C00E32C3A /* LaunchScreen.storyboard in Resources */,
				E64BB88324B3675C00E32C3A /* Assets.xcassets in Resources */,
				E64BB88124B3675A00E32C3A /* Main.storyboard in Resources */,
			);
			runOnlyForDeploymentPostprocessing = 0;
		};
/* End PBXResourcesBuildPhase section */

/* Begin PBXShellScriptBuildPhase section */
		5B193EC52C460E286AB0BE35 /* [CP] Embed Pods Frameworks */ = {
			isa = PBXShellScriptBuildPhase;
			buildActionMask = 2147483647;
			files = (
			);
			inputFileListPaths = (
				"${PODS_ROOT}/Target Support Files/Pods-tomorowTodo/Pods-tomorowTodo-frameworks-${CONFIGURATION}-input-files.xcfilelist",
			);
			name = "[CP] Embed Pods Frameworks";
			outputFileListPaths = (
				"${PODS_ROOT}/Target Support Files/Pods-tomorowTodo/Pods-tomorowTodo-frameworks-${CONFIGURATION}-output-files.xcfilelist",
			);
			runOnlyForDeploymentPostprocessing = 0;
			shellPath = /bin/sh;
			shellScript = "\"${PODS_ROOT}/Target Support Files/Pods-tomorowTodo/Pods-tomorowTodo-frameworks.sh\"\n";
			showEnvVarsInLog = 0;
		};
		B439B039DC9AEC05369C1D7E /* [CP] Check Pods Manifest.lock */ = {
			isa = PBXShellScriptBuildPhase;
			buildActionMask = 2147483647;
			files = (
			);
			inputFileListPaths = (
			);
			inputPaths = (
				"${PODS_PODFILE_DIR_PATH}/Podfile.lock",
				"${PODS_ROOT}/Manifest.lock",
			);
			name = "[CP] Check Pods Manifest.lock";
			outputFileListPaths = (
			);
			outputPaths = (
				"$(DERIVED_FILE_DIR)/Pods-tomorowTodo-checkManifestLockResult.txt",
			);
			runOnlyForDeploymentPostprocessing = 0;
			shellPath = /bin/sh;
			shellScript = "diff \"${PODS_PODFILE_DIR_PATH}/Podfile.lock\" \"${PODS_ROOT}/Manifest.lock\" > /dev/null\nif [ $? != 0 ] ; then\n    # print error to STDERR\n    echo \"error: The sandbox is not in sync with the Podfile.lock. Run 'pod install' or update your CocoaPods installation.\" >&2\n    exit 1\nfi\n# This output is used by Xcode 'outputs' to avoid re-running this script phase.\necho \"SUCCESS\" > \"${SCRIPT_OUTPUT_FILE_0}\"\n";
			showEnvVarsInLog = 0;
		};
/* End PBXShellScriptBuildPhase section */

/* Begin PBXSourcesBuildPhase section */
		E64BB87224B3675A00E32C3A /* Sources */ = {
			isa = PBXSourcesBuildPhase;
			buildActionMask = 2147483647;
			files = (
				E64BB88E24B367B800E32C3A /* todoViewController.swift in Sources */,
				E64BB87A24B3675A00E32C3A /* AppDelegate.swift in Sources */,
				E64BB87C24B3675A00E32C3A /* SceneDelegate.swift in Sources */,
				E64BB89224B367EA00E32C3A /* editViewController.swift in Sources */,
				E674858A24B5B7C90078D4DA /* addViewController.swift in Sources */,
				E64BB89024B367D800E32C3A /* firstViewController.swift in Sources */,
			);
			runOnlyForDeploymentPostprocessing = 0;
		};
/* End PBXSourcesBuildPhase section */

/* Begin PBXVariantGroup section */
		E64BB87F24B3675A00E32C3A /* Main.storyboard */ = {
			isa = PBXVariantGroup;
			children = (
				E64BB88024B3675A00E32C3A /* Base */,
			);
			name = Main.storyboard;
			sourceTree = "<group>";
		};
		E64BB88424B3675C00E32C3A /* LaunchScreen.storyboard */ = {
			isa = PBXVariantGroup;
			children = (
				E64BB88524B3675C00E32C3A /* Base */,
			);
			name = LaunchScreen.storyboard;
			sourceTree = "<group>";
		};
/* End PBXVariantGroup section */

/* Begin XCBuildConfiguration section */
		E64BB88824B3675C00E32C3A /* Debug */ = {
			isa = XCBuildConfiguration;
			buildSettings = {
				ALWAYS_SEARCH_USER_PATHS = NO;
				CLANG_ANALYZER_NONNULL = YES;
				CLANG_ANALYZER_NUMBER_OBJECT_CONVERSION = YES_AGGRESSIVE;
				CLANG_CXX_LANGUAGE_STANDARD = "gnu++14";
				CLANG_CXX_LIBRARY = "libc++";
				CLANG_ENABLE_MODULES = YES;
				CLANG_ENABLE_OBJC_ARC = YES;
				CLANG_ENABLE_OBJC_WEAK = YES;
				CLANG_WARN_BLOCK_CAPTURE_AUTORELEASING = YES;
				CLANG_WARN_BOOL_CONVERSION = YES;
				CLANG_WARN_COMMA = YES;
				CLANG_WARN_CONSTANT_CONVERSION = YES;
				CLANG_WARN_DEPRECATED_OBJC_IMPLEMENTATIONS = YES;
				CLANG_WARN_DIRECT_OBJC_ISA_USAGE = YES_ERROR;
				CLANG_WARN_DOCUMENTATION_COMMENTS = YES;
				CLANG_WARN_EMPTY_BODY = YES;
				CLANG_WARN_ENUM_CONVERSION = YES;
				CLANG_WARN_INFINITE_RECURSION = YES;
				CLANG_WARN_INT_CONVERSION = YES;
				CLANG_WARN_NON_LITERAL_NULL_CONVERSION = YES;
				CLANG_WARN_OBJC_IMPLICIT_RETAIN_SELF = YES;
				CLANG_WARN_OBJC_LITERAL_CONVERSION = YES;
				CLANG_WARN_OBJC_ROOT_CLASS = YES_ERROR;
				CLANG_WARN_RANGE_LOOP_ANALYSIS = YES;
				CLANG_WARN_STRICT_PROTOTYPES = YES;
				CLANG_WARN_SUSPICIOUS_MOVE = YES;
				CLANG_WARN_UNGUARDED_AVAILABILITY = YES_AGGRESSIVE;
				CLANG_WARN_UNREACHABLE_CODE = YES;
				CLANG_WARN__DUPLICATE_METHOD_MATCH = YES;
				COPY_PHASE_STRIP = NO;
				DEBUG_INFORMATION_FORMAT = dwarf;
				ENABLE_STRICT_OBJC_MSGSEND = YES;
				ENABLE_TESTABILITY = YES;
				GCC_C_LANGUAGE_STANDARD = gnu11;
				GCC_DYNAMIC_NO_PIC = NO;
				GCC_NO_COMMON_BLOCKS = YES;
				GCC_OPTIMIZATION_LEVEL = 0;
				GCC_PREPROCESSOR_DEFINITIONS = (
					"DEBUG=1",
					"$(inherited)",
				);
				GCC_WARN_64_TO_32_BIT_CONVERSION = YES;
				GCC_WARN_ABOUT_RETURN_TYPE = YES_ERROR;
				GCC_WARN_UNDECLARED_SELECTOR = YES;
				GCC_WARN_UNINITIALIZED_AUTOS = YES_AGGRESSIVE;
				GCC_WARN_UNUSED_FUNCTION = YES;
				GCC_WARN_UNUSED_VARIABLE = YES;
				IPHONEOS_DEPLOYMENT_TARGET = 13.5;
				MTL_ENABLE_DEBUG_INFO = INCLUDE_SOURCE;
				MTL_FAST_MATH = YES;
				ONLY_ACTIVE_ARCH = YES;
				SDKROOT = iphoneos;
				SWIFT_ACTIVE_COMPILATION_CONDITIONS = DEBUG;
				SWIFT_OPTIMIZATION_LEVEL = "-Onone";
			};
			name = Debug;
		};
		E64BB88924B3675C00E32C3A /* Release */ = {
			isa = XCBuildConfiguration;
			buildSettings = {
				ALWAYS_SEARCH_USER_PATHS = NO;
				CLANG_ANALYZER_NONNULL = YES;
				CLANG_ANALYZER_NUMBER_OBJECT_CONVERSION = YES_AGGRESSIVE;
				CLANG_CXX_LANGUAGE_STANDARD = "gnu++14";
				CLANG_CXX_LIBRARY = "libc++";
				CLANG_ENABLE_MODULES = YES;
				CLANG_ENABLE_OBJC_ARC = YES;
				CLANG_ENABLE_OBJC_WEAK = YES;
				CLANG_WARN_BLOCK_CAPTURE_AUTORELEASING = YES;
				CLANG_WARN_BOOL_CONVERSION = YES;
				CLANG_WARN_COMMA = YES;
				CLANG_WARN_CONSTANT_CONVERSION = YES;
				CLANG_WARN_DEPRECATED_OBJC_IMPLEMENTATIONS = YES;
				CLANG_WARN_DIRECT_OBJC_ISA_USAGE = YES_ERROR;
				CLANG_WARN_DOCUMENTATION_COMMENTS = YES;
				CLANG_WARN_EMPTY_BODY = YES;
				CLANG_WARN_ENUM_CONVERSION = YES;
				CLANG_WARN_INFINITE_RECURSION = YES;
				CLANG_WARN_INT_CONVERSION = YES;
				CLANG_WARN_NON_LITERAL_NULL_CONVERSION = YES;
				CLANG_WARN_OBJC_IMPLICIT_RETAIN_SELF = YES;
				CLANG_WARN_OBJC_LITERAL_CONVERSION = YES;
				CLANG_WARN_OBJC_ROOT_CLASS = YES_ERROR;
				CLANG_WARN_RANGE_LOOP_ANALYSIS = YES;
				CLANG_WARN_STRICT_PROTOTYPES = YES;
				CLANG_WARN_SUSPICIOUS_MOVE = YES;
				CLANG_WARN_UNGUARDED_AVAILABILITY = YES_AGGRESSIVE;
				CLANG_WARN_UNREACHABLE_CODE = YES;
				CLANG_WARN__DUPLICATE_METHOD_MATCH = YES;
				COPY_PHASE_STRIP = NO;
				DEBUG_INFORMATION_FORMAT = "dwarf-with-dsym";
				ENABLE_NS_ASSERTIONS = NO;
				ENABLE_STRICT_OBJC_MSGSEND = YES;
				GCC_C_LANGUAGE_STANDARD = gnu11;
				GCC_NO_COMMON_BLOCKS = YES;
				GCC_WARN_64_TO_32_BIT_CONVERSION = YES;
				GCC_WARN_ABOUT_RETURN_TYPE = YES_ERROR;
				GCC_WARN_UNDECLARED_SELECTOR = YES;
				GCC_WARN_UNINITIALIZED_AUTOS = YES_AGGRESSIVE;
				GCC_WARN_UNUSED_FUNCTION = YES;
				GCC_WARN_UNUSED_VARIABLE = YES;
				IPHONEOS_DEPLOYMENT_TARGET = 13.5;
				MTL_ENABLE_DEBUG_INFO = NO;
				MTL_FAST_MATH = YES;
				SDKROOT = iphoneos;
				SWIFT_COMPILATION_MODE = wholemodule;
				SWIFT_OPTIMIZATION_LEVEL = "-O";
				VALIDATE_PRODUCT = YES;
			};
			name = Release;
		};
		E64BB88B24B3675C00E32C3A /* Debug */ = {
			isa = XCBuildConfiguration;
			baseConfigurationReference = 97E00F2BAEF1A711A5E08B8C /* Pods-tomorowTodo.debug.xcconfig */;
			buildSettings = {
				ASSETCATALOG_COMPILER_APPICON_NAME = AppIcon;
				CODE_SIGN_STYLE = Automatic;
				DEVELOPMENT_TEAM = 662NXA3TX5;
				INFOPLIST_FILE = tomorowTodo/Info.plist;
				LD_RUNPATH_SEARCH_PATHS = (
					"$(inherited)",
					"@executable_path/Frameworks",
				);
				PRODUCT_BUNDLE_IDENTIFIER = is.tomorowTodo;
				PRODUCT_NAME = "$(TARGET_NAME)";
				SWIFT_VERSION = 5.0;
				TARGETED_DEVICE_FAMILY = 1;
			};
			name = Debug;
		};
		E64BB88C24B3675C00E32C3A /* Release */ = {
			isa = XCBuildConfiguration;
			baseConfigurationReference = F3ED24113695BC36757599C2 /* Pods-tomorowTodo.release.xcconfig */;
			buildSettings = {
				ASSETCATALOG_COMPILER_APPICON_NAME = AppIcon;
				CODE_SIGN_STYLE = Automatic;
				DEVELOPMENT_TEAM = 662NXA3TX5;
				INFOPLIST_FILE = tomorowTodo/Info.plist;
				LD_RUNPATH_SEARCH_PATHS = (
					"$(inherited)",
					"@executable_path/Frameworks",
				);
				PRODUCT_BUNDLE_IDENTIFIER = is.tomorowTodo;
				PRODUCT_NAME = "$(TARGET_NAME)";
				SWIFT_VERSION = 5.0;
				TARGETED_DEVICE_FAMILY = 1;
			};
			name = Release;
		};
/* End XCBuildConfiguration section */

/* Begin XCConfigurationList section */
		E64BB87124B3675A00E32C3A /* Build configuration list for PBXProject "tomorowTodo" */ = {
			isa = XCConfigurationList;
			buildConfigurations = (
				E64BB88824B3675C00E32C3A /* Debug */,
				E64BB88924B3675C00E32C3A /* Release */,
			);
			defaultConfigurationIsVisible = 0;
			defaultConfigurationName = Release;
		};
		E64BB88A24B3675C00E32C3A /* Build configuration list for PBXNativeTarget "tomorowTodo" */ = {
			isa = XCConfigurationList;
			buildConfigurations = (
				E64BB88B24B3675C00E32C3A /* Debug */,
				E64BB88C24B3675C00E32C3A /* Release */,
			);
			defaultConfigurationIsVisible = 0;
			defaultConfigurationName = Release;
		};
/* End XCConfigurationList section */
	};
	rootObject = E64BB86E24B3675A00E32C3A /* Project object */;
}
